// !$*UTF8*$!
{
	archiveVersion = 1;
	classes = {
	};
	objectVersion = 52;
	objects = {

/* Begin PBXBuildFile section */
		F04EA77D246C764A0090E055 /* AppDelegate.swift in Sources */ = {isa = PBXBuildFile; fileRef = F04EA77C246C764A0090E055 /* AppDelegate.swift */; };
		F04EA77F246C764A0090E055 /* SceneDelegate.swift in Sources */ = {isa = PBXBuildFile; fileRef = F04EA77E246C764A0090E055 /* SceneDelegate.swift */; };
		F04EA781246C764A0090E055 /* ContentView.swift in Sources */ = {isa = PBXBuildFile; fileRef = F04EA780246C764A0090E055 /* ContentView.swift */; };
		F04EA783246C76500090E055 /* Assets.xcassets in Resources */ = {isa = PBXBuildFile; fileRef = F04EA782246C76500090E055 /* Assets.xcassets */; };
		F04EA786246C76500090E055 /* Preview Assets.xcassets in Resources */ = {isa = PBXBuildFile; fileRef = F04EA785246C76500090E055 /* Preview Assets.xcassets */; };
		F04EA789246C76500090E055 /* LaunchScreen.storyboard in Resources */ = {isa = PBXBuildFile; fileRef = F04EA787246C76500090E055 /* LaunchScreen.storyboard */; };
		F04EA78E246C76510090E055 /* Shop Plus QR WatchKit App.app in Embed Watch Content */ = {isa = PBXBuildFile; fileRef = F04EA78D246C76510090E055 /* Shop Plus QR WatchKit App.app */; settings = {ATTRIBUTES = (RemoveHeadersOnCopy, ); }; };
		F04EA794246C76510090E055 /* Interface.storyboard in Resources */ = {isa = PBXBuildFile; fileRef = F04EA792246C76510090E055 /* Interface.storyboard */; };
		F04EA796246C76530090E055 /* Assets.xcassets in Resources */ = {isa = PBXBuildFile; fileRef = F04EA795246C76530090E055 /* Assets.xcassets */; };
		F04EA79D246C76530090E055 /* Shop Plus QR WatchKit Extension.appex in Embed App Extensions */ = {isa = PBXBuildFile; fileRef = F04EA79C246C76530090E055 /* Shop Plus QR WatchKit Extension.appex */; settings = {ATTRIBUTES = (RemoveHeadersOnCopy, ); }; };
		F04EA7A2246C76530090E055 /* ContentView.swift in Sources */ = {isa = PBXBuildFile; fileRef = F04EA7A1246C76530090E055 /* ContentView.swift */; };
		F04EA7A4246C76530090E055 /* HostingController.swift in Sources */ = {isa = PBXBuildFile; fileRef = F04EA7A3246C76530090E055 /* HostingController.swift */; };
		F04EA7A6246C76530090E055 /* ExtensionDelegate.swift in Sources */ = {isa = PBXBuildFile; fileRef = F04EA7A5246C76530090E055 /* ExtensionDelegate.swift */; };
		F04EA7A8246C76580090E055 /* Assets.xcassets in Resources */ = {isa = PBXBuildFile; fileRef = F04EA7A7246C76580090E055 /* Assets.xcassets */; };
		F04EA7AB246C76580090E055 /* Preview Assets.xcassets in Resources */ = {isa = PBXBuildFile; fileRef = F04EA7AA246C76580090E055 /* Preview Assets.xcassets */; };
		F04EA7BB246C777F0090E055 /* UserDataModel.swift in Sources */ = {isa = PBXBuildFile; fileRef = F04EA7BA246C777F0090E055 /* UserDataModel.swift */; };
		F04EA7BE246C7EDC0090E055 /* EFQRCode in Frameworks */ = {isa = PBXBuildFile; productRef = F04EA7BD246C7EDC0090E055 /* EFQRCode */; };
/* End PBXBuildFile section */

/* Begin PBXContainerItemProxy section */
		F04EA78F246C76510090E055 /* PBXContainerItemProxy */ = {
			isa = PBXContainerItemProxy;
			containerPortal = F04EA771246C764A0090E055 /* Project object */;
			proxyType = 1;
			remoteGlobalIDString = F04EA78C246C76510090E055;
			remoteInfo = "Shop Plus QR WatchKit App";
		};
		F04EA79E246C76530090E055 /* PBXContainerItemProxy */ = {
			isa = PBXContainerItemProxy;
			containerPortal = F04EA771246C764A0090E055 /* Project object */;
			proxyType = 1;
			remoteGlobalIDString = F04EA79B246C76530090E055;
			remoteInfo = "Shop Plus QR WatchKit Extension";
		};
/* End PBXContainerItemProxy section */

/* Begin PBXCopyFilesBuildPhase section */
		F04EA7B2246C76580090E055 /* Embed App Extensions */ = {
			isa = PBXCopyFilesBuildPhase;
			buildActionMask = 2147483647;
			dstPath = "";
			dstSubfolderSpec = 13;
			files = (
				F04EA79D246C76530090E055 /* Shop Plus QR WatchKit Extension.appex in Embed App Extensions */,
			);
			name = "Embed App Extensions";
			runOnlyForDeploymentPostprocessing = 0;
		};
		F04EA7B6246C76580090E055 /* Embed Watch Content */ = {
			isa = PBXCopyFilesBuildPhase;
			buildActionMask = 2147483647;
			dstPath = "$(CONTENTS_FOLDER_PATH)/Watch";
			dstSubfolderSpec = 16;
			files = (
				F04EA78E246C76510090E055 /* Shop Plus QR WatchKit App.app in Embed Watch Content */,
			);
			name = "Embed Watch Content";
			runOnlyForDeploymentPostprocessing = 0;
		};
/* End PBXCopyFilesBuildPhase section */

/* Begin PBXFileReference section */
		F04EA779246C764A0090E055 /* Shop Plus QR.app */ = {isa = PBXFileReference; explicitFileType = wrapper.application; includeInIndex = 0; path = "Shop Plus QR.app"; sourceTree = BUILT_PRODUCTS_DIR; };
		F04EA77C246C764A0090E055 /* AppDelegate.swift */ = {isa = PBXFileReference; lastKnownFileType = sourcecode.swift; path = AppDelegate.swift; sourceTree = "<group>"; };
		F04EA77E246C764A0090E055 /* SceneDelegate.swift */ = {isa = PBXFileReference; lastKnownFileType = sourcecode.swift; path = SceneDelegate.swift; sourceTree = "<group>"; };
		F04EA780246C764A0090E055 /* ContentView.swift */ = {isa = PBXFileReference; lastKnownFileType = sourcecode.swift; path = ContentView.swift; sourceTree = "<group>"; };
		F04EA782246C76500090E055 /* Assets.xcassets */ = {isa = PBXFileReference; lastKnownFileType = folder.assetcatalog; path = Assets.xcassets; sourceTree = "<group>"; };
		F04EA785246C76500090E055 /* Preview Assets.xcassets */ = {isa = PBXFileReference; lastKnownFileType = folder.assetcatalog; path = "Preview Assets.xcassets"; sourceTree = "<group>"; };
		F04EA788246C76500090E055 /* Base */ = {isa = PBXFileReference; lastKnownFileType = file.storyboard; name = Base; path = Base.lproj/LaunchScreen.storyboard; sourceTree = "<group>"; };
		F04EA78A246C76500090E055 /* Info.plist */ = {isa = PBXFileReference; lastKnownFileType = text.plist.xml; path = Info.plist; sourceTree = "<group>"; };
		F04EA78D246C76510090E055 /* Shop Plus QR WatchKit App.app */ = {isa = PBXFileReference; explicitFileType = wrapper.application; includeInIndex = 0; path = "Shop Plus QR WatchKit App.app"; sourceTree = BUILT_PRODUCTS_DIR; };
		F04EA793246C76510090E055 /* Base */ = {isa = PBXFileReference; lastKnownFileType = file.storyboard; name = Base; path = Base.lproj/Interface.storyboard; sourceTree = "<group>"; };
		F04EA795246C76530090E055 /* Assets.xcassets */ = {isa = PBXFileReference; lastKnownFileType = folder.assetcatalog; path = Assets.xcassets; sourceTree = "<group>"; };
		F04EA797246C76530090E055 /* Info.plist */ = {isa = PBXFileReference; lastKnownFileType = text.plist.xml; path = Info.plist; sourceTree = "<group>"; };
		F04EA79C246C76530090E055 /* Shop Plus QR WatchKit Extension.appex */ = {isa = PBXFileReference; explicitFileType = "wrapper.app-extension"; includeInIndex = 0; path = "Shop Plus QR WatchKit Extension.appex"; sourceTree = BUILT_PRODUCTS_DIR; };
		F04EA7A1246C76530090E055 /* ContentView.swift */ = {isa = PBXFileReference; lastKnownFileType = sourcecode.swift; path = ContentView.swift; sourceTree = "<group>"; };
		F04EA7A3246C76530090E055 /* HostingController.swift */ = {isa = PBXFileReference; lastKnownFileType = sourcecode.swift; path = HostingController.swift; sourceTree = "<group>"; };
		F04EA7A5246C76530090E055 /* ExtensionDelegate.swift */ = {isa = PBXFileReference; lastKnownFileType = sourcecode.swift; path = ExtensionDelegate.swift; sourceTree = "<group>"; };
		F04EA7A7246C76580090E055 /* Assets.xcassets */ = {isa = PBXFileReference; lastKnownFileType = folder.assetcatalog; path = Assets.xcassets; sourceTree = "<group>"; };
		F04EA7AA246C76580090E055 /* Preview Assets.xcassets */ = {isa = PBXFileReference; lastKnownFileType = folder.assetcatalog; path = "Preview Assets.xcassets"; sourceTree = "<group>"; };
		F04EA7AC246C76580090E055 /* Info.plist */ = {isa = PBXFileReference; lastKnownFileType = text.plist.xml; path = Info.plist; sourceTree = "<group>"; };
		F04EA7BA246C777F0090E055 /* UserDataModel.swift */ = {isa = PBXFileReference; lastKnownFileType = sourcecode.swift; path = UserDataModel.swift; sourceTree = "<group>"; };
/* End PBXFileReference section */

/* Begin PBXFrameworksBuildPhase section */
		F04EA776246C764A0090E055 /* Frameworks */ = {
			isa = PBXFrameworksBuildPhase;
			buildActionMask = 2147483647;
			files = (
				F04EA7BE246C7EDC0090E055 /* EFQRCode in Frameworks */,
			);
			runOnlyForDeploymentPostprocessing = 0;
		};
		F04EA799246C76530090E055 /* Frameworks */ = {
			isa = PBXFrameworksBuildPhase;
			buildActionMask = 2147483647;
			files = (
			);
			runOnlyForDeploymentPostprocessing = 0;
		};
/* End PBXFrameworksBuildPhase section */

/* Begin PBXGroup section */
		F04EA770246C764A0090E055 = {
			isa = PBXGroup;
			children = (
				F04EA77B246C764A0090E055 /* Shop Plus QR */,
				F04EA791246C76510090E055 /* Shop Plus QR WatchKit App */,
				F04EA7A0246C76530090E055 /* Shop Plus QR WatchKit Extension */,
				F04EA77A246C764A0090E055 /* Products */,
			);
			sourceTree = "<group>";
		};
		F04EA77A246C764A0090E055 /* Products */ = {
			isa = PBXGroup;
			children = (
				F04EA779246C764A0090E055 /* Shop Plus QR.app */,
				F04EA78D246C76510090E055 /* Shop Plus QR WatchKit App.app */,
				F04EA79C246C76530090E055 /* Shop Plus QR WatchKit Extension.appex */,
			);
			name = Products;
			sourceTree = "<group>";
		};
		F04EA77B246C764A0090E055 /* Shop Plus QR */ = {
			isa = PBXGroup;
			children = (
				F04EA77C246C764A0090E055 /* AppDelegate.swift */,
				F04EA77E246C764A0090E055 /* SceneDelegate.swift */,
				F04EA780246C764A0090E055 /* ContentView.swift */,
				F04EA7BA246C777F0090E055 /* UserDataModel.swift */,
				F04EA782246C76500090E055 /* Assets.xcassets */,
				F04EA787246C76500090E055 /* LaunchScreen.storyboard */,
				F04EA78A246C76500090E055 /* Info.plist */,
				F04EA784246C76500090E055 /* Preview Content */,
			);
			path = "Shop Plus QR";
			sourceTree = "<group>";
		};
		F04EA784246C76500090E055 /* Preview Content */ = {
			isa = PBXGroup;
			children = (
				F04EA785246C76500090E055 /* Preview Assets.xcassets */,
			);
			path = "Preview Content";
			sourceTree = "<group>";
		};
		F04EA791246C76510090E055 /* Shop Plus QR WatchKit App */ = {
			isa = PBXGroup;
			children = (
				F04EA792246C76510090E055 /* Interface.storyboard */,
				F04EA795246C76530090E055 /* Assets.xcassets */,
				F04EA797246C76530090E055 /* Info.plist */,
			);
			path = "Shop Plus QR WatchKit App";
			sourceTree = "<group>";
		};
		F04EA7A0246C76530090E055 /* Shop Plus QR WatchKit Extension */ = {
			isa = PBXGroup;
			children = (
				F04EA7A1246C76530090E055 /* ContentView.swift */,
				F04EA7A3246C76530090E055 /* HostingController.swift */,
				F04EA7A5246C76530090E055 /* ExtensionDelegate.swift */,
				F04EA7A7246C76580090E055 /* Assets.xcassets */,
				F04EA7AC246C76580090E055 /* Info.plist */,
				F04EA7A9246C76580090E055 /* Preview Content */,
			);
			path = "Shop Plus QR WatchKit Extension";
			sourceTree = "<group>";
		};
		F04EA7A9246C76580090E055 /* Preview Content */ = {
			isa = PBXGroup;
			children = (
				F04EA7AA246C76580090E055 /* Preview Assets.xcassets */,
			);
			path = "Preview Content";
			sourceTree = "<group>";
		};
/* End PBXGroup section */

/* Begin PBXNativeTarget section */
		F04EA778246C764A0090E055 /* Shop Plus QR */ = {
			isa = PBXNativeTarget;
			buildConfigurationList = F04EA7B7246C76580090E055 /* Build configuration list for PBXNativeTarget "Shop Plus QR" */;
			buildPhases = (
				F04EA775246C764A0090E055 /* Sources */,
				F04EA776246C764A0090E055 /* Frameworks */,
				F04EA777246C764A0090E055 /* Resources */,
				F04EA7B6246C76580090E055 /* Embed Watch Content */,
			);
			buildRules = (
			);
			dependencies = (
				F04EA790246C76510090E055 /* PBXTargetDependency */,
			);
			name = "Shop Plus QR";
			packageProductDependencies = (
				F04EA7BD246C7EDC0090E055 /* EFQRCode */,
			);
			productName = "Shop Plus QR";
			productReference = F04EA779246C764A0090E055 /* Shop Plus QR.app */;
			productType = "com.apple.product-type.application";
		};
		F04EA78C246C76510090E055 /* Shop Plus QR WatchKit App */ = {
			isa = PBXNativeTarget;
			buildConfigurationList = F04EA7B3246C76580090E055 /* Build configuration list for PBXNativeTarget "Shop Plus QR WatchKit App" */;
			buildPhases = (
				F04EA78B246C76510090E055 /* Resources */,
				F04EA7B2246C76580090E055 /* Embed App Extensions */,
			);
			buildRules = (
			);
			dependencies = (
				F04EA79F246C76530090E055 /* PBXTargetDependency */,
			);
			name = "Shop Plus QR WatchKit App";
			productName = "Shop Plus QR WatchKit App";
			productReference = F04EA78D246C76510090E055 /* Shop Plus QR WatchKit App.app */;
			productType = "com.apple.product-type.application.watchapp2";
		};
		F04EA79B246C76530090E055 /* Shop Plus QR WatchKit Extension */ = {
			isa = PBXNativeTarget;
			buildConfigurationList = F04EA7AF246C76580090E055 /* Build configuration list for PBXNativeTarget "Shop Plus QR WatchKit Extension" */;
			buildPhases = (
				F04EA798246C76530090E055 /* Sources */,
				F04EA799246C76530090E055 /* Frameworks */,
				F04EA79A246C76530090E055 /* Resources */,
			);
			buildRules = (
			);
			dependencies = (
			);
			name = "Shop Plus QR WatchKit Extension";
			productName = "Shop Plus QR WatchKit Extension";
			productReference = F04EA79C246C76530090E055 /* Shop Plus QR WatchKit Extension.appex */;
			productType = "com.apple.product-type.watchkit2-extension";
		};
/* End PBXNativeTarget section */

/* Begin PBXProject section */
		F04EA771246C764A0090E055 /* Project object */ = {
			isa = PBXProject;
			attributes = {
				LastSwiftUpdateCheck = 1140;
				LastUpgradeCheck = 1140;
				ORGANIZATIONNAME = "Dawid Dydliński";
				TargetAttributes = {
					F04EA778246C764A0090E055 = {
						CreatedOnToolsVersion = 11.4.1;
					};
					F04EA78C246C76510090E055 = {
						CreatedOnToolsVersion = 11.4.1;
					};
					F04EA79B246C76530090E055 = {
						CreatedOnToolsVersion = 11.4.1;
					};
				};
			};
			buildConfigurationList = F04EA774246C764A0090E055 /* Build configuration list for PBXProject "Shop Plus QR" */;
			compatibilityVersion = "Xcode 9.3";
			developmentRegion = en;
			hasScannedForEncodings = 0;
			knownRegions = (
				en,
				Base,
			);
			mainGroup = F04EA770246C764A0090E055;
			packageReferences = (
				F04EA7BC246C7EDC0090E055 /* XCRemoteSwiftPackageReference "EFQRCode" */,
			);
			productRefGroup = F04EA77A246C764A0090E055 /* Products */;
			projectDirPath = "";
			projectRoot = "";
			targets = (
				F04EA778246C764A0090E055 /* Shop Plus QR */,
				F04EA78C246C76510090E055 /* Shop Plus QR WatchKit App */,
				F04EA79B246C76530090E055 /* Shop Plus QR WatchKit Extension */,
			);
		};
/* End PBXProject section */

/* Begin PBXResourcesBuildPhase section */
		F04EA777246C764A0090E055 /* Resources */ = {
			isa = PBXResourcesBuildPhase;
			buildActionMask = 2147483647;
			files = (
				F04EA789246C76500090E055 /* LaunchScreen.storyboard in Resources */,
				F04EA786246C76500090E055 /* Preview Assets.xcassets in Resources */,
				F04EA783246C76500090E055 /* Assets.xcassets in Resources */,
			);
			runOnlyForDeploymentPostprocessing = 0;
		};
		F04EA78B246C76510090E055 /* Resources */ = {
			isa = PBXResourcesBuildPhase;
			buildActionMask = 2147483647;
			files = (
				F04EA796246C76530090E055 /* Assets.xcassets in Resources */,
				F04EA794246C76510090E055 /* Interface.storyboard in Resources */,
			);
			runOnlyForDeploymentPostprocessing = 0;
		};
		F04EA79A246C76530090E055 /* Resources */ = {
			isa = PBXResourcesBuildPhase;
			buildActionMask = 2147483647;
			files = (
				F04EA7AB246C76580090E055 /* Preview Assets.xcassets in Resources */,
				F04EA7A8246C76580090E055 /* Assets.xcassets in Resources */,
			);
			runOnlyForDeploymentPostprocessing = 0;
		};
/* End PBXResourcesBuildPhase section */

/* Begin PBXSourcesBuildPhase section */
		F04EA775246C764A0090E055 /* Sources */ = {
			isa = PBXSourcesBuildPhase;
			buildActionMask = 2147483647;
			files = (
				F04EA7BB246C777F0090E055 /* UserDataModel.swift in Sources */,
				F04EA77D246C764A0090E055 /* AppDelegate.swift in Sources */,
				F04EA77F246C764A0090E055 /* SceneDelegate.swift in Sources */,
				F04EA781246C764A0090E055 /* ContentView.swift in Sources */,
			);
			runOnlyForDeploymentPostprocessing = 0;
		};
		F04EA798246C76530090E055 /* Sources */ = {
			isa = PBXSourcesBuildPhase;
			buildActionMask = 2147483647;
			files = (
				F04EA7A4246C76530090E055 /* HostingController.swift in Sources */,
				F04EA7A2246C76530090E055 /* ContentView.swift in Sources */,
				F04EA7A6246C76530090E055 /* ExtensionDelegate.swift in Sources */,
			);
			runOnlyForDeploymentPostprocessing = 0;
		};
/* End PBXSourcesBuildPhase section */

/* Begin PBXTargetDependency section */
		F04EA790246C76510090E055 /* PBXTargetDependency */ = {
			isa = PBXTargetDependency;
			target = F04EA78C246C76510090E055 /* Shop Plus QR WatchKit App */;
			targetProxy = F04EA78F246C76510090E055 /* PBXContainerItemProxy */;
		};
		F04EA79F246C76530090E055 /* PBXTargetDependency */ = {
			isa = PBXTargetDependency;
			target = F04EA79B246C76530090E055 /* Shop Plus QR WatchKit Extension */;
			targetProxy = F04EA79E246C76530090E055 /* PBXContainerItemProxy */;
		};
/* End PBXTargetDependency section */

/* Begin PBXVariantGroup section */
		F04EA787246C76500090E055 /* LaunchScreen.storyboard */ = {
			isa = PBXVariantGroup;
			children = (
				F04EA788246C76500090E055 /* Base */,
			);
			name = LaunchScreen.storyboard;
			sourceTree = "<group>";
		};
		F04EA792246C76510090E055 /* Interface.storyboard */ = {
			isa = PBXVariantGroup;
			children = (
				F04EA793246C76510090E055 /* Base */,
			);
			name = Interface.storyboard;
			sourceTree = "<group>";
		};
/* End PBXVariantGroup section */

/* Begin XCBuildConfiguration section */
		F04EA7AD246C76580090E055 /* Debug */ = {
			isa = XCBuildConfiguration;
			buildSettings = {
				ALWAYS_SEARCH_USER_PATHS = NO;
				CLANG_ANALYZER_NONNULL = YES;
				CLANG_ANALYZER_NUMBER_OBJECT_CONVERSION = YES_AGGRESSIVE;
				CLANG_CXX_LANGUAGE_STANDARD = "gnu++14";
				CLANG_CXX_LIBRARY = "libc++";
				CLANG_ENABLE_MODULES = YES;
				CLANG_ENABLE_OBJC_ARC = YES;
				CLANG_ENABLE_OBJC_WEAK = YES;
				CLANG_WARN_BLOCK_CAPTURE_AUTORELEASING = YES;
				CLANG_WARN_BOOL_CONVERSION = YES;
				CLANG_WARN_COMMA = YES;
				CLANG_WARN_CONSTANT_CONVERSION = YES;
				CLANG_WARN_DEPRECATED_OBJC_IMPLEMENTATIONS = YES;
				CLANG_WARN_DIRECT_OBJC_ISA_USAGE = YES_ERROR;
				CLANG_WARN_DOCUMENTATION_COMMENTS = YES;
				CLANG_WARN_EMPTY_BODY = YES;
				CLANG_WARN_ENUM_CONVERSION = YES;
				CLANG_WARN_INFINITE_RECURSION = YES;
				CLANG_WARN_INT_CONVERSION = YES;
				CLANG_WARN_NON_LITERAL_NULL_CONVERSION = YES;
				CLANG_WARN_OBJC_IMPLICIT_RETAIN_SELF = YES;
				CLANG_WARN_OBJC_LITERAL_CONVERSION = YES;
				CLANG_WARN_OBJC_ROOT_CLASS = YES_ERROR;
				CLANG_WARN_RANGE_LOOP_ANALYSIS = YES;
				CLANG_WARN_STRICT_PROTOTYPES = YES;
				CLANG_WARN_SUSPICIOUS_MOVE = YES;
				CLANG_WARN_UNGUARDED_AVAILABILITY = YES_AGGRESSIVE;
				CLANG_WARN_UNREACHABLE_CODE = YES;
				CLANG_WARN__DUPLICATE_METHOD_MATCH = YES;
				COPY_PHASE_STRIP = NO;
				DEBUG_INFORMATION_FORMAT = dwarf;
				ENABLE_STRICT_OBJC_MSGSEND = YES;
				ENABLE_TESTABILITY = YES;
				GCC_C_LANGUAGE_STANDARD = gnu11;
				GCC_DYNAMIC_NO_PIC = NO;
				GCC_NO_COMMON_BLOCKS = YES;
				GCC_OPTIMIZATION_LEVEL = 0;
				GCC_PREPROCESSOR_DEFINITIONS = (
					"DEBUG=1",
					"$(inherited)",
				);
				GCC_WARN_64_TO_32_BIT_CONVERSION = YES;
				GCC_WARN_ABOUT_RETURN_TYPE = YES_ERROR;
				GCC_WARN_UNDECLARED_SELECTOR = YES;
				GCC_WARN_UNINITIALIZED_AUTOS = YES_AGGRESSIVE;
				GCC_WARN_UNUSED_FUNCTION = YES;
				GCC_WARN_UNUSED_VARIABLE = YES;
				IPHONEOS_DEPLOYMENT_TARGET = 13.4;
				MTL_ENABLE_DEBUG_INFO = INCLUDE_SOURCE;
				MTL_FAST_MATH = YES;
				ONLY_ACTIVE_ARCH = YES;
				SDKROOT = iphoneos;
				SWIFT_ACTIVE_COMPILATION_CONDITIONS = DEBUG;
				SWIFT_OPTIMIZATION_LEVEL = "-Onone";
			};
			name = Debug;
		};
		F04EA7AE246C76580090E055 /* Release */ = {
			isa = XCBuildConfiguration;
			buildSettings = {
				ALWAYS_SEARCH_USER_PATHS = NO;
				CLANG_ANALYZER_NONNULL = YES;
				CLANG_ANALYZER_NUMBER_OBJECT_CONVERSION = YES_AGGRESSIVE;
				CLANG_CXX_LANGUAGE_STANDARD = "gnu++14";
				CLANG_CXX_LIBRARY = "libc++";
				CLANG_ENABLE_MODULES = YES;
				CLANG_ENABLE_OBJC_ARC = YES;
				CLANG_ENABLE_OBJC_WEAK = YES;
				CLANG_WARN_BLOCK_CAPTURE_AUTORELEASING = YES;
				CLANG_WARN_BOOL_CONVERSION = YES;
				CLANG_WARN_COMMA = YES;
				CLANG_WARN_CONSTANT_CONVERSION = YES;
				CLANG_WARN_DEPRECATED_OBJC_IMPLEMENTATIONS = YES;
				CLANG_WARN_DIRECT_OBJC_ISA_USAGE = YES_ERROR;
				CLANG_WARN_DOCUMENTATION_COMMENTS = YES;
				CLANG_WARN_EMPTY_BODY = YES;
				CLANG_WARN_ENUM_CONVERSION = YES;
				CLANG_WARN_INFINITE_RECURSION = YES;
				CLANG_WARN_INT_CONVERSION = YES;
				CLANG_WARN_NON_LITERAL_NULL_CONVERSION = YES;
				CLANG_WARN_OBJC_IMPLICIT_RETAIN_SELF = YES;
				CLANG_WARN_OBJC_LITERAL_CONVERSION = YES;
				CLANG_WARN_OBJC_ROOT_CLASS = YES_ERROR;
				CLANG_WARN_RANGE_LOOP_ANALYSIS = YES;
				CLANG_WARN_STRICT_PROTOTYPES = YES;
				CLANG_WARN_SUSPICIOUS_MOVE = YES;
				CLANG_WARN_UNGUARDED_AVAILABILITY = YES_AGGRESSIVE;
				CLANG_WARN_UNREACHABLE_CODE = YES;
				CLANG_WARN__DUPLICATE_METHOD_MATCH = YES;
				COPY_PHASE_STRIP = NO;
				DEBUG_INFORMATION_FORMAT = "dwarf-with-dsym";
				ENABLE_NS_ASSERTIONS = NO;
				ENABLE_STRICT_OBJC_MSGSEND = YES;
				GCC_C_LANGUAGE_STANDARD = gnu11;
				GCC_NO_COMMON_BLOCKS = YES;
				GCC_WARN_64_TO_32_BIT_CONVERSION = YES;
				GCC_WARN_ABOUT_RETURN_TYPE = YES_ERROR;
				GCC_WARN_UNDECLARED_SELECTOR = YES;
				GCC_WARN_UNINITIALIZED_AUTOS = YES_AGGRESSIVE;
				GCC_WARN_UNUSED_FUNCTION = YES;
				GCC_WARN_UNUSED_VARIABLE = YES;
				IPHONEOS_DEPLOYMENT_TARGET = 13.4;
				MTL_ENABLE_DEBUG_INFO = NO;
				MTL_FAST_MATH = YES;
				SDKROOT = iphoneos;
				SWIFT_COMPILATION_MODE = wholemodule;
				SWIFT_OPTIMIZATION_LEVEL = "-O";
				VALIDATE_PRODUCT = YES;
			};
			name = Release;
		};
		F04EA7B0246C76580090E055 /* Debug */ = {
			isa = XCBuildConfiguration;
			buildSettings = {
				ASSETCATALOG_COMPILER_COMPLICATION_NAME = Complication;
				CODE_SIGN_STYLE = Automatic;
				DEVELOPMENT_ASSET_PATHS = "\"Shop Plus QR WatchKit Extension/Preview Content\"";
				DEVELOPMENT_TEAM = 8WPQUBBAQN;
				ENABLE_PREVIEWS = YES;
				INFOPLIST_FILE = "Shop Plus QR WatchKit Extension/Info.plist";
				LD_RUNPATH_SEARCH_PATHS = (
					"$(inherited)",
					"@executable_path/Frameworks",
					"@executable_path/../../Frameworks",
				);
				PRODUCT_BUNDLE_IDENTIFIER = "com.dawiddydlinski.Shop-Plus-QR.watchkitapp.watchkitextension";
				PRODUCT_NAME = "${TARGET_NAME}";
				SDKROOT = watchos;
				SKIP_INSTALL = YES;
				SWIFT_VERSION = 5.0;
				TARGETED_DEVICE_FAMILY = 4;
				WATCHOS_DEPLOYMENT_TARGET = 6.2;
			};
			name = Debug;
		};
		F04EA7B1246C76580090E055 /* Release */ = {
			isa = XCBuildConfiguration;
			buildSettings = {
				ASSETCATALOG_COMPILER_COMPLICATION_NAME = Complication;
				CODE_SIGN_STYLE = Automatic;
				DEVELOPMENT_ASSET_PATHS = "\"Shop Plus QR WatchKit Extension/Preview Content\"";
				DEVELOPMENT_TEAM = 8WPQUBBAQN;
				ENABLE_PREVIEWS = YES;
				INFOPLIST_FILE = "Shop Plus QR WatchKit Extension/Info.plist";
				LD_RUNPATH_SEARCH_PATHS = (
					"$(inherited)",
					"@executable_path/Frameworks",
					"@executable_path/../../Frameworks",
				);
				PRODUCT_BUNDLE_IDENTIFIER = "com.dawiddydlinski.Shop-Plus-QR.watchkitapp.watchkitextension";
				PRODUCT_NAME = "${TARGET_NAME}";
				SDKROOT = watchos;
				SKIP_INSTALL = YES;
				SWIFT_VERSION = 5.0;
				TARGETED_DEVICE_FAMILY = 4;
				WATCHOS_DEPLOYMENT_TARGET = 6.2;
			};
			name = Release;
		};
		F04EA7B4246C76580090E055 /* Debug */ = {
			isa = XCBuildConfiguration;
			buildSettings = {
				ALWAYS_EMBED_SWIFT_STANDARD_LIBRARIES = YES;
				ASSETCATALOG_COMPILER_APPICON_NAME = AppIcon;
				CODE_SIGN_STYLE = Automatic;
				DEVELOPMENT_TEAM = 8WPQUBBAQN;
				IBSC_MODULE = Shop_Plus_QR_WatchKit_Extension;
				INFOPLIST_FILE = "Shop Plus QR WatchKit App/Info.plist";
				PRODUCT_BUNDLE_IDENTIFIER = "com.dawiddydlinski.Shop-Plus-QR.watchkitapp";
				PRODUCT_NAME = "$(TARGET_NAME)";
				SDKROOT = watchos;
				SKIP_INSTALL = YES;
				SWIFT_VERSION = 5.0;
				TARGETED_DEVICE_FAMILY = 4;
				WATCHOS_DEPLOYMENT_TARGET = 6.2;
			};
			name = Debug;
		};
		F04EA7B5246C76580090E055 /* Release */ = {
			isa = XCBuildConfiguration;
			buildSettings = {
				ALWAYS_EMBED_SWIFT_STANDARD_LIBRARIES = YES;
				ASSETCATALOG_COMPILER_APPICON_NAME = AppIcon;
				CODE_SIGN_STYLE = Automatic;
				DEVELOPMENT_TEAM = 8WPQUBBAQN;
				IBSC_MODULE = Shop_Plus_QR_WatchKit_Extension;
				INFOPLIST_FILE = "Shop Plus QR WatchKit App/Info.plist";
				PRODUCT_BUNDLE_IDENTIFIER = "com.dawiddydlinski.Shop-Plus-QR.watchkitapp";
				PRODUCT_NAME = "$(TARGET_NAME)";
				SDKROOT = watchos;
				SKIP_INSTALL = YES;
				SWIFT_VERSION = 5.0;
				TARGETED_DEVICE_FAMILY = 4;
				WATCHOS_DEPLOYMENT_TARGET = 6.2;
			};
			name = Release;
		};
		F04EA7B8246C76580090E055 /* Debug */ = {
			isa = XCBuildConfiguration;
			buildSettings = {
				ASSETCATALOG_COMPILER_APPICON_NAME = AppIcon;
				CODE_SIGN_STYLE = Automatic;
				DEVELOPMENT_ASSET_PATHS = "\"Shop Plus QR/Preview Content\"";
				DEVELOPMENT_TEAM = 8WPQUBBAQN;
				ENABLE_PREVIEWS = YES;
				INFOPLIST_FILE = "Shop Plus QR/Info.plist";
				LD_RUNPATH_SEARCH_PATHS = (
					"$(inherited)",
					"@executable_path/Frameworks",
				);
				PRODUCT_BUNDLE_IDENTIFIER = "com.dawiddydlinski.Shop-Plus-QR";
				PRODUCT_NAME = "$(TARGET_NAME)";
				SWIFT_VERSION = 5.0;
				TARGETED_DEVICE_FAMILY = "1,2";
			};
			name = Debug;
		};
		F04EA7B9246C76580090E055 /* Release */ = {
			isa = XCBuildConfiguration;
			buildSettings = {
				ASSETCATALOG_COMPILER_APPICON_NAME = AppIcon;
				CODE_SIGN_STYLE = Automatic;
				DEVELOPMENT_ASSET_PATHS = "\"Shop Plus QR/Preview Content\"";
				DEVELOPMENT_TEAM = 8WPQUBBAQN;
				ENABLE_PREVIEWS = YES;
				INFOPLIST_FILE = "Shop Plus QR/Info.plist";
				LD_RUNPATH_SEARCH_PATHS = (
					"$(inherited)",
					"@executable_path/Frameworks",
				);
				PRODUCT_BUNDLE_IDENTIFIER = "com.dawiddydlinski.Shop-Plus-QR";
				PRODUCT_NAME = "$(TARGET_NAME)";
				SWIFT_VERSION = 5.0;
				TARGETED_DEVICE_FAMILY = "1,2";
			};
			name = Release;
		};
/* End XCBuildConfiguration section */

/* Begin XCConfigurationList section */
		F04EA774246C764A0090E055 /* Build configuration list for PBXProject "Shop Plus QR" */ = {
			isa = XCConfigurationList;
			buildConfigurations = (
				F04EA7AD246C76580090E055 /* Debug */,
				F04EA7AE246C76580090E055 /* Release */,
			);
			defaultConfigurationIsVisible = 0;
			defaultConfigurationName = Release;
		};
		F04EA7AF246C76580090E055 /* Build configuration list for PBXNativeTarget "Shop Plus QR WatchKit Extension" */ = {
			isa = XCConfigurationList;
			buildConfigurations = (
				F04EA7B0246C76580090E055 /* Debug */,
				F04EA7B1246C76580090E055 /* Release */,
			);
			defaultConfigurationIsVisible = 0;
			defaultConfigurationName = Release;
		};
		F04EA7B3246C76580090E055 /* Build configuration list for PBXNativeTarget "Shop Plus QR WatchKit App" */ = {
			isa = XCConfigurationList;
			buildConfigurations = (
				F04EA7B4246C76580090E055 /* Debug */,
				F04EA7B5246C76580090E055 /* Release */,
			);
			defaultConfigurationIsVisible = 0;
			defaultConfigurationName = Release;
		};
		F04EA7B7246C76580090E055 /* Build configuration list for PBXNativeTarget "Shop Plus QR" */ = {
			isa = XCConfigurationList;
			buildConfigurations = (
				F04EA7B8246C76580090E055 /* Debug */,
				F04EA7B9246C76580090E055 /* Release */,
			);
			defaultConfigurationIsVisible = 0;
			defaultConfigurationName = Release;
		};
/* End XCConfigurationList section */

/* Begin XCRemoteSwiftPackageReference section */
		F04EA7BC246C7EDC0090E055 /* XCRemoteSwiftPackageReference "EFQRCode" */ = {
			isa = XCRemoteSwiftPackageReference;
			repositoryURL = "https://github.com/EFPrefix/EFQRCode.git";
			requirement = {
				kind = upToNextMajorVersion;
				minimumVersion = 5.1.6;
			};
		};
/* End XCRemoteSwiftPackageReference section */

/* Begin XCSwiftPackageProductDependency section */
		F04EA7BD246C7EDC0090E055 /* EFQRCode */ = {
			isa = XCSwiftPackageProductDependency;
			package = F04EA7BC246C7EDC0090E055 /* XCRemoteSwiftPackageReference "EFQRCode" */;
			productName = EFQRCode;
		};
/* End XCSwiftPackageProductDependency section */
	};
	rootObject = F04EA771246C764A0090E055 /* Project object */;
}
